<?xml version="1.0" encoding="utf-8"?>
<Project ToolsVersion="17.0" xmlns="http://schemas.microsoft.com/developer/msbuild/2003">
  <ItemGroup>
    <ClCompile Include="C:\Users\benhi\StudioProjects\find_flush\windows\flutter\ephemeral\.plugin_symlinks\geolocator_windows\windows\geolocator_windows.cpp">
      <Filter>Source Files</Filter>
    </ClCompile>
    <ClCompile Include="C:\Users\benhi\StudioProjects\find_flush\windows\flutter\ephemeral\.plugin_symlinks\geolocator_windows\windows\geolocator_plugin.cpp">
      <Filter>Source Files</Filter>
    </ClCompile>
  </ItemGroup>
  <ItemGroup>
    <ClInclude Include="C:\Users\benhi\StudioProjects\find_flush\windows\flutter\ephemeral\.plugin_symlinks\geolocator_windows\windows\include\geolocator_windows\geolocator_windows.h">
      <Filter>Header Files</Filter>
    </ClInclude>
    <ClInclude Include="C:\Users\benhi\StudioProjects\find_flush\windows\flutter\ephemeral\.plugin_symlinks\geolocator_windows\windows\geolocator_plugin.h">
      <Filter>Header Files</Filter>
    </ClInclude>
    <ClInclude Include="C:\Users\benhi\StudioProjects\find_flush\windows\flutter\ephemeral\.plugin_symlinks\geolocator_windows\windows\geolocator_enums.h">
      <Filter>Header Files</Filter>
    </ClInclude>
  </ItemGroup>
  <ItemGroup>
    <CustomBuild Include="C:\Users\benhi\StudioProjects\find_flush\windows\flutter\ephemeral\.plugin_symlinks\geolocator_windows\windows\CMakeLists.txt" />
  </ItemGroup>
  <ItemGroup>
    <Filter Include="Header Files">
      <UniqueIdentifier>{9FE40616-49DA-3360-86A1-C5EFC59B5467}</UniqueIdentifier>
    </Filter>
    <Filter Include="Source Files">
      <UniqueIdentifier>{A69DDF55-094D-37C0-B32A-ED551C0313BD}</UniqueIdentifier>
    </Filter>
  </ItemGroup>
</Project>
